// !$*UTF8*$!
{
	archiveVersion = 1;
	classes = {
	};
	objectVersion = 55;
	objects = {

/* Begin PBXBuildFile section */
		EE94C45A27C686750021AE26 /* AppDelegate.swift in Sources */ = {isa = PBXBuildFile; fileRef = EE94C45927C686750021AE26 /* AppDelegate.swift */; };
		EE94C45C27C686750021AE26 /* SceneDelegate.swift in Sources */ = {isa = PBXBuildFile; fileRef = EE94C45B27C686750021AE26 /* SceneDelegate.swift */; };
		EE94C45E27C686750021AE26 /* ViewController.swift in Sources */ = {isa = PBXBuildFile; fileRef = EE94C45D27C686750021AE26 /* ViewController.swift */; };
		EE94C46127C686750021AE26 /* Main.storyboard in Resources */ = {isa = PBXBuildFile; fileRef = EE94C45F27C686750021AE26 /* Main.storyboard */; };
		EE94C46327C686760021AE26 /* Assets.xcassets in Resources */ = {isa = PBXBuildFile; fileRef = EE94C46227C686760021AE26 /* Assets.xcassets */; };
		EE94C46627C686760021AE26 /* LaunchScreen.storyboard in Resources */ = {isa = PBXBuildFile; fileRef = EE94C46427C686760021AE26 /* LaunchScreen.storyboard */; };
		EE94C47127C686770021AE26 /* FirebaseAppTests.swift in Sources */ = {isa = PBXBuildFile; fileRef = EE94C47027C686770021AE26 /* FirebaseAppTests.swift */; };
		EE94C47B27C686770021AE26 /* FirebaseAppUITests.swift in Sources */ = {isa = PBXBuildFile; fileRef = EE94C47A27C686770021AE26 /* FirebaseAppUITests.swift */; };
		EE94C47D27C686770021AE26 /* FirebaseAppUITestsLaunchTests.swift in Sources */ = {isa = PBXBuildFile; fileRef = EE94C47C27C686770021AE26 /* FirebaseAppUITestsLaunchTests.swift */; };
		EE94C48F27C687EB0021AE26 /* FirebaseAnalytics in Frameworks */ = {isa = PBXBuildFile; productRef = EE94C48E27C687EB0021AE26 /* FirebaseAnalytics */; };
		EE94C49127C687EB0021AE26 /* FirebaseDatabase in Frameworks */ = {isa = PBXBuildFile; productRef = EE94C49027C687EB0021AE26 /* FirebaseDatabase */; };
		EE94C49327C687EB0021AE26 /* FirebaseFirestore in Frameworks */ = {isa = PBXBuildFile; productRef = EE94C49227C687EB0021AE26 /* FirebaseFirestore */; };
		EE94C49527C687EB0021AE26 /* FirebaseFirestoreSwift-Beta in Frameworks */ = {isa = PBXBuildFile; productRef = EE94C49427C687EB0021AE26 /* FirebaseFirestoreSwift-Beta */; };
		EE94C49727C687EB0021AE26 /* FirebaseStorage in Frameworks */ = {isa = PBXBuildFile; productRef = EE94C49627C687EB0021AE26 /* FirebaseStorage */; };
		EE94C4A527C7DF220021AE26 /* GoogleService-Info.plist in Resources */ = {isa = PBXBuildFile; fileRef = EE94C4A427C7DF220021AE26 /* GoogleService-Info.plist */; };
		EE94C4A627C7DF220021AE26 /* GoogleService-Info.plist in Resources */ = {isa = PBXBuildFile; fileRef = EE94C4A427C7DF220021AE26 /* GoogleService-Info.plist */; };
		EE94C4A727C7DF220021AE26 /* GoogleService-Info.plist in Resources */ = {isa = PBXBuildFile; fileRef = EE94C4A427C7DF220021AE26 /* GoogleService-Info.plist */; };
		EEE31C2727D7B11900B23B7F /* Custom.swift in Sources */ = {isa = PBXBuildFile; fileRef = EEE31C2627D7B11900B23B7F /* Custom.swift */; };
		EEE31C2927D7B19000B23B7F /* Clicker.swift in Sources */ = {isa = PBXBuildFile; fileRef = EEE31C2827D7B19000B23B7F /* Clicker.swift */; };
		EEE31C2B27E0D7BE00B23B7F /* LoginView.swift in Sources */ = {isa = PBXBuildFile; fileRef = EEE31C2A27E0D7BE00B23B7F /* LoginView.swift */; };
		EEE31C2D27EB65B100B23B7F /* User.swift in Sources */ = {isa = PBXBuildFile; fileRef = EEE31C2C27EB65B100B23B7F /* User.swift */; };
/* End PBXBuildFile section */

/* Begin PBXContainerItemProxy section */
		EE94C46D27C686770021AE26 /* PBXContainerItemProxy */ = {
			isa = PBXContainerItemProxy;
			containerPortal = EE94C44E27C686750021AE26 /* Project object */;
			proxyType = 1;
			remoteGlobalIDString = EE94C45527C686750021AE26;
			remoteInfo = FirebaseApp;
		};
		EE94C47727C686770021AE26 /* PBXContainerItemProxy */ = {
			isa = PBXContainerItemProxy;
			containerPortal = EE94C44E27C686750021AE26 /* Project object */;
			proxyType = 1;
			remoteGlobalIDString = EE94C45527C686750021AE26;
			remoteInfo = FirebaseApp;
		};
/* End PBXContainerItemProxy section */

/* Begin PBXFileReference section */
		EE94C45627C686750021AE26 /* FirebaseApp.app */ = {isa = PBXFileReference; explicitFileType = wrapper.application; includeInIndex = 0; path = FirebaseApp.app; sourceTree = BUILT_PRODUCTS_DIR; };
		EE94C45927C686750021AE26 /* AppDelegate.swift */ = {isa = PBXFileReference; lastKnownFileType = sourcecode.swift; path = AppDelegate.swift; sourceTree = "<group>"; };
		EE94C45B27C686750021AE26 /* SceneDelegate.swift */ = {isa = PBXFileReference; lastKnownFileType = sourcecode.swift; path = SceneDelegate.swift; sourceTree = "<group>"; };
		EE94C45D27C686750021AE26 /* ViewController.swift */ = {isa = PBXFileReference; lastKnownFileType = sourcecode.swift; path = ViewController.swift; sourceTree = "<group>"; };
		EE94C46027C686750021AE26 /* Base */ = {isa = PBXFileReference; lastKnownFileType = file.storyboard; name = Base; path = Base.lproj/Main.storyboard; sourceTree = "<group>"; };
		EE94C46227C686760021AE26 /* Assets.xcassets */ = {isa = PBXFileReference; lastKnownFileType = folder.assetcatalog; path = Assets.xcassets; sourceTree = "<group>"; };
		EE94C46527C686760021AE26 /* Base */ = {isa = PBXFileReference; lastKnownFileType = file.storyboard; name = Base; path = Base.lproj/LaunchScreen.storyboard; sourceTree = "<group>"; };
		EE94C46727C686760021AE26 /* Info.plist */ = {isa = PBXFileReference; lastKnownFileType = text.plist.xml; path = Info.plist; sourceTree = "<group>"; };
		EE94C46C27C686770021AE26 /* FirebaseAppTests.xctest */ = {isa = PBXFileReference; explicitFileType = wrapper.cfbundle; includeInIndex = 0; path = FirebaseAppTests.xctest; sourceTree = BUILT_PRODUCTS_DIR; };
		EE94C47027C686770021AE26 /* FirebaseAppTests.swift */ = {isa = PBXFileReference; lastKnownFileType = sourcecode.swift; path = FirebaseAppTests.swift; sourceTree = "<group>"; };
		EE94C47627C686770021AE26 /* FirebaseAppUITests.xctest */ = {isa = PBXFileReference; explicitFileType = wrapper.cfbundle; includeInIndex = 0; path = FirebaseAppUITests.xctest; sourceTree = BUILT_PRODUCTS_DIR; };
		EE94C47A27C686770021AE26 /* FirebaseAppUITests.swift */ = {isa = PBXFileReference; lastKnownFileType = sourcecode.swift; path = FirebaseAppUITests.swift; sourceTree = "<group>"; };
		EE94C47C27C686770021AE26 /* FirebaseAppUITestsLaunchTests.swift */ = {isa = PBXFileReference; lastKnownFileType = sourcecode.swift; path = FirebaseAppUITestsLaunchTests.swift; sourceTree = "<group>"; };
		EE94C4A427C7DF220021AE26 /* GoogleService-Info.plist */ = {isa = PBXFileReference; fileEncoding = 4; lastKnownFileType = text.plist.xml; name = "GoogleService-Info.plist"; path = "../../../Downloads/GoogleService-Info.plist"; sourceTree = "<group>"; };
		EEE31C2627D7B11900B23B7F /* Custom.swift */ = {isa = PBXFileReference; lastKnownFileType = sourcecode.swift; path = Custom.swift; sourceTree = "<group>"; };
		EEE31C2827D7B19000B23B7F /* Clicker.swift */ = {isa = PBXFileReference; lastKnownFileType = sourcecode.swift; path = Clicker.swift; sourceTree = "<group>"; };
		EEE31C2A27E0D7BE00B23B7F /* LoginView.swift */ = {isa = PBXFileReference; lastKnownFileType = sourcecode.swift; path = LoginView.swift; sourceTree = "<group>"; };
		EEE31C2C27EB65B100B23B7F /* User.swift */ = {isa = PBXFileReference; lastKnownFileType = sourcecode.swift; path = User.swift; sourceTree = "<group>"; };
/* End PBXFileReference section */

/* Begin PBXFrameworksBuildPhase section */
		EE94C45327C686750021AE26 /* Frameworks */ = {
			isa = PBXFrameworksBuildPhase;
			buildActionMask = 2147483647;
			files = (
				EE94C49127C687EB0021AE26 /* FirebaseDatabase in Frameworks */,
				EE94C49527C687EB0021AE26 /* FirebaseFirestoreSwift-Beta in Frameworks */,
				EE94C48F27C687EB0021AE26 /* FirebaseAnalytics in Frameworks */,
				EE94C49727C687EB0021AE26 /* FirebaseStorage in Frameworks */,
				EE94C49327C687EB0021AE26 /* FirebaseFirestore in Frameworks */,
			);
			runOnlyForDeploymentPostprocessing = 0;
		};
		EE94C46927C686770021AE26 /* Frameworks */ = {
			isa = PBXFrameworksBuildPhase;
			buildActionMask = 2147483647;
			files = (
			);
			runOnlyForDeploymentPostprocessing = 0;
		};
		EE94C47327C686770021AE26 /* Frameworks */ = {
			isa = PBXFrameworksBuildPhase;
			buildActionMask = 2147483647;
			files = (
			);
			runOnlyForDeploymentPostprocessing = 0;
		};
/* End PBXFrameworksBuildPhase section */

/* Begin PBXGroup section */
		EE94C44D27C686750021AE26 = {
			isa = PBXGroup;
			children = (
				EE94C45827C686750021AE26 /* FirebaseApp */,
				EE94C46F27C686770021AE26 /* FirebaseAppTests */,
				EE94C47927C686770021AE26 /* FirebaseAppUITests */,
				EE94C45727C686750021AE26 /* Products */,
			);
			sourceTree = "<group>";
		};
		EE94C45727C686750021AE26 /* Products */ = {
			isa = PBXGroup;
			children = (
				EE94C45627C686750021AE26 /* FirebaseApp.app */,
				EE94C46C27C686770021AE26 /* FirebaseAppTests.xctest */,
				EE94C47627C686770021AE26 /* FirebaseAppUITests.xctest */,
			);
			name = Products;
			sourceTree = "<group>";
		};
		EE94C45827C686750021AE26 /* FirebaseApp */ = {
			isa = PBXGroup;
			children = (
				EE94C4A427C7DF220021AE26 /* GoogleService-Info.plist */,
				EE94C45927C686750021AE26 /* AppDelegate.swift */,
				EE94C45B27C686750021AE26 /* SceneDelegate.swift */,
				EE94C45D27C686750021AE26 /* ViewController.swift */,
				EE94C45F27C686750021AE26 /* Main.storyboard */,
				EEE31C2A27E0D7BE00B23B7F /* LoginView.swift */,
				EEE31C2827D7B19000B23B7F /* Clicker.swift */,
				EEE31C2C27EB65B100B23B7F /* User.swift */,
				EEE31C2627D7B11900B23B7F /* Custom.swift */,
				EE94C46227C686760021AE26 /* Assets.xcassets */,
				EE94C46427C686760021AE26 /* LaunchScreen.storyboard */,
				EE94C46727C686760021AE26 /* Info.plist */,
			);
			path = FirebaseApp;
			sourceTree = "<group>";
		};
		EE94C46F27C686770021AE26 /* FirebaseAppTests */ = {
			isa = PBXGroup;
			children = (
				EE94C47027C686770021AE26 /* FirebaseAppTests.swift */,
			);
			path = FirebaseAppTests;
			sourceTree = "<group>";
		};
		EE94C47927C686770021AE26 /* FirebaseAppUITests */ = {
			isa = PBXGroup;
			children = (
				EE94C47A27C686770021AE26 /* FirebaseAppUITests.swift */,
				EE94C47C27C686770021AE26 /* FirebaseAppUITestsLaunchTests.swift */,
			);
			path = FirebaseAppUITests;
			sourceTree = "<group>";
		};
/* End PBXGroup section */

/* Begin PBXNativeTarget section */
		EE94C45527C686750021AE26 /* FirebaseApp */ = {
			isa = PBXNativeTarget;
			buildConfigurationList = EE94C48027C686770021AE26 /* Build configuration list for PBXNativeTarget "FirebaseApp" */;
			buildPhases = (
				EE94C45227C686750021AE26 /* Sources */,
				EE94C45327C686750021AE26 /* Frameworks */,
				EE94C45427C686750021AE26 /* Resources */,
			);
			buildRules = (
			);
			dependencies = (
			);
			name = FirebaseApp;
			packageProductDependencies = (
				EE94C48E27C687EB0021AE26 /* FirebaseAnalytics */,
				EE94C49027C687EB0021AE26 /* FirebaseDatabase */,
				EE94C49227C687EB0021AE26 /* FirebaseFirestore */,
				EE94C49427C687EB0021AE26 /* FirebaseFirestoreSwift-Beta */,
				EE94C49627C687EB0021AE26 /* FirebaseStorage */,
			);
			productName = FirebaseApp;
			productReference = EE94C45627C686750021AE26 /* FirebaseApp.app */;
			productType = "com.apple.product-type.application";
		};
		EE94C46B27C686770021AE26 /* FirebaseAppTests */ = {
			isa = PBXNativeTarget;
			buildConfigurationList = EE94C48327C686770021AE26 /* Build configuration list for PBXNativeTarget "FirebaseAppTests" */;
			buildPhases = (
				EE94C46827C686770021AE26 /* Sources */,
				EE94C46927C686770021AE26 /* Frameworks */,
				EE94C46A27C686770021AE26 /* Resources */,
			);
			buildRules = (
			);
			dependencies = (
				EE94C46E27C686770021AE26 /* PBXTargetDependency */,
			);
			name = FirebaseAppTests;
			productName = FirebaseAppTests;
			productReference = EE94C46C27C686770021AE26 /* FirebaseAppTests.xctest */;
			productType = "com.apple.product-type.bundle.unit-test";
		};
		EE94C47527C686770021AE26 /* FirebaseAppUITests */ = {
			isa = PBXNativeTarget;
			buildConfigurationList = EE94C48627C686770021AE26 /* Build configuration list for PBXNativeTarget "FirebaseAppUITests" */;
			buildPhases = (
				EE94C47227C686770021AE26 /* Sources */,
				EE94C47327C686770021AE26 /* Frameworks */,
				EE94C47427C686770021AE26 /* Resources */,
			);
			buildRules = (
			);
			dependencies = (
				EE94C47827C686770021AE26 /* PBXTargetDependency */,
			);
			name = FirebaseAppUITests;
			productName = FirebaseAppUITests;
			productReference = EE94C47627C686770021AE26 /* FirebaseAppUITests.xctest */;
			productType = "com.apple.product-type.bundle.ui-testing";
		};
/* End PBXNativeTarget section */

/* Begin PBXProject section */
		EE94C44E27C686750021AE26 /* Project object */ = {
			isa = PBXProject;
			attributes = {
				BuildIndependentTargetsInParallel = 1;
				LastSwiftUpdateCheck = 1300;
				LastUpgradeCheck = 1300;
				TargetAttributes = {
					EE94C45527C686750021AE26 = {
						CreatedOnToolsVersion = 13.0;
					};
					EE94C46B27C686770021AE26 = {
						CreatedOnToolsVersion = 13.0;
						TestTargetID = EE94C45527C686750021AE26;
					};
					EE94C47527C686770021AE26 = {
						CreatedOnToolsVersion = 13.0;
						TestTargetID = EE94C45527C686750021AE26;
					};
				};
			};
			buildConfigurationList = EE94C45127C686750021AE26 /* Build configuration list for PBXProject "FirebaseApp" */;
			compatibilityVersion = "Xcode 13.0";
			developmentRegion = en;
			hasScannedForEncodings = 0;
			knownRegions = (
				en,
				Base,
			);
			mainGroup = EE94C44D27C686750021AE26;
			packageReferences = (
				EE94C48D27C687EB0021AE26 /* XCRemoteSwiftPackageReference "firebase-ios-sdk" */,
			);
			productRefGroup = EE94C45727C686750021AE26 /* Products */;
			projectDirPath = "";
			projectRoot = "";
			targets = (
				EE94C45527C686750021AE26 /* FirebaseApp */,
				EE94C46B27C686770021AE26 /* FirebaseAppTests */,
				EE94C47527C686770021AE26 /* FirebaseAppUITests */,
			);
		};
/* End PBXProject section */

/* Begin PBXResourcesBuildPhase section */
		EE94C45427C686750021AE26 /* Resources */ = {
			isa = PBXResourcesBuildPhase;
			buildActionMask = 2147483647;
			files = (
				EE94C46627C686760021AE26 /* LaunchScreen.storyboard in Resources */,
				EE94C4A527C7DF220021AE26 /* GoogleService-Info.plist in Resources */,
				EE94C46327C686760021AE26 /* Assets.xcassets in Resources */,
				EE94C46127C686750021AE26 /* Main.storyboard in Resources */,
			);
			runOnlyForDeploymentPostprocessing = 0;
		};
		EE94C46A27C686770021AE26 /* Resources */ = {
			isa = PBXResourcesBuildPhase;
			buildActionMask = 2147483647;
			files = (
				EE94C4A627C7DF220021AE26 /* GoogleService-Info.plist in Resources */,
			);
			runOnlyForDeploymentPostprocessing = 0;
		};
		EE94C47427C686770021AE26 /* Resources */ = {
			isa = PBXResourcesBuildPhase;
			buildActionMask = 2147483647;
			files = (
				EE94C4A727C7DF220021AE26 /* GoogleService-Info.plist in Resources */,
			);
			runOnlyForDeploymentPostprocessing = 0;
		};
/* End PBXResourcesBuildPhase section */

/* Begin PBXSourcesBuildPhase section */
		EE94C45227C686750021AE26 /* Sources */ = {
			isa = PBXSourcesBuildPhase;
			buildActionMask = 2147483647;
			files = (
				EEE31C2B27E0D7BE00B23B7F /* LoginView.swift in Sources */,
				EEE31C2927D7B19000B23B7F /* Clicker.swift in Sources */,
				EE94C45E27C686750021AE26 /* ViewController.swift in Sources */,
				EE94C45A27C686750021AE26 /* AppDelegate.swift in Sources */,
				EEE31C2727D7B11900B23B7F /* Custom.swift in Sources */,
				EE94C45C27C686750021AE26 /* SceneDelegate.swift in Sources */,
				EEE31C2D27EB65B100B23B7F /* User.swift in Sources */,
			);
			runOnlyForDeploymentPostprocessing = 0;
		};
		EE94C46827C686770021AE26 /* Sources */ = {
			isa = PBXSourcesBuildPhase;
			buildActionMask = 2147483647;
			files = (
				EE94C47127C686770021AE26 /* FirebaseAppTests.swift in Sources */,
			);
			runOnlyForDeploymentPostprocessing = 0;
		};
		EE94C47227C686770021AE26 /* Sources */ = {
			isa = PBXSourcesBuildPhase;
			buildActionMask = 2147483647;
			files = (
				EE94C47B27C686770021AE26 /* FirebaseAppUITests.swift in Sources */,
				EE94C47D27C686770021AE26 /* FirebaseAppUITestsLaunchTests.swift in Sources */,
			);
			runOnlyForDeploymentPostprocessing = 0;
		};
/* End PBXSourcesBuildPhase section */

/* Begin PBXTargetDependency section */
		EE94C46E27C686770021AE26 /* PBXTargetDependency */ = {
			isa = PBXTargetDependency;
			target = EE94C45527C686750021AE26 /* FirebaseApp */;
			targetProxy = EE94C46D27C686770021AE26 /* PBXContainerItemProxy */;
		};
		EE94C47827C686770021AE26 /* PBXTargetDependency */ = {
			isa = PBXTargetDependency;
			target = EE94C45527C686750021AE26 /* FirebaseApp */;
			targetProxy = EE94C47727C686770021AE26 /* PBXContainerItemProxy */;
		};
/* End PBXTargetDependency section */

/* Begin PBXVariantGroup section */
		EE94C45F27C686750021AE26 /* Main.storyboard */ = {
			isa = PBXVariantGroup;
			children = (
				EE94C46027C686750021AE26 /* Base */,
			);
			name = Main.storyboard;
			sourceTree = "<group>";
		};
		EE94C46427C686760021AE26 /* LaunchScreen.storyboard */ = {
			isa = PBXVariantGroup;
			children = (
				EE94C46527C686760021AE26 /* Base */,
			);
			name = LaunchScreen.storyboard;
			sourceTree = "<group>";
		};
/* End PBXVariantGroup section */

/* Begin XCBuildConfiguration section */
		EE94C47E27C686770021AE26 /* Debug */ = {
			isa = XCBuildConfiguration;
			buildSettings = {
				ALWAYS_SEARCH_USER_PATHS = NO;
				CLANG_ANALYZER_NONNULL = YES;
				CLANG_ANALYZER_NUMBER_OBJECT_CONVERSION = YES_AGGRESSIVE;
				CLANG_CXX_LANGUAGE_STANDARD = "gnu++17";
				CLANG_CXX_LIBRARY = "libc++";
				CLANG_ENABLE_MODULES = YES;
				CLANG_ENABLE_OBJC_ARC = YES;
				CLANG_ENABLE_OBJC_WEAK = YES;
				CLANG_WARN_BLOCK_CAPTURE_AUTORELEASING = YES;
				CLANG_WARN_BOOL_CONVERSION = YES;
				CLANG_WARN_COMMA = YES;
				CLANG_WARN_CONSTANT_CONVERSION = YES;
				CLANG_WARN_DEPRECATED_OBJC_IMPLEMENTATIONS = YES;
				CLANG_WARN_DIRECT_OBJC_ISA_USAGE = YES_ERROR;
				CLANG_WARN_DOCUMENTATION_COMMENTS = YES;
				CLANG_WARN_EMPTY_BODY = YES;
				CLANG_WARN_ENUM_CONVERSION = YES;
				CLANG_WARN_INFINITE_RECURSION = YES;
				CLANG_WARN_INT_CONVERSION = YES;
				CLANG_WARN_NON_LITERAL_NULL_CONVERSION = YES;
				CLANG_WARN_OBJC_IMPLICIT_RETAIN_SELF = YES;
				CLANG_WARN_OBJC_LITERAL_CONVERSION = YES;
				CLANG_WARN_OBJC_ROOT_CLASS = YES_ERROR;
				CLANG_WARN_QUOTED_INCLUDE_IN_FRAMEWORK_HEADER = YES;
				CLANG_WARN_RANGE_LOOP_ANALYSIS = YES;
				CLANG_WARN_STRICT_PROTOTYPES = YES;
				CLANG_WARN_SUSPICIOUS_MOVE = YES;
				CLANG_WARN_UNGUARDED_AVAILABILITY = YES_AGGRESSIVE;
				CLANG_WARN_UNREACHABLE_CODE = YES;
				CLANG_WARN__DUPLICATE_METHOD_MATCH = YES;
				COPY_PHASE_STRIP = NO;
				DEBUG_INFORMATION_FORMAT = dwarf;
				ENABLE_STRICT_OBJC_MSGSEND = YES;
				ENABLE_TESTABILITY = YES;
				GCC_C_LANGUAGE_STANDARD = gnu11;
				GCC_DYNAMIC_NO_PIC = NO;
				GCC_NO_COMMON_BLOCKS = YES;
				GCC_OPTIMIZATION_LEVEL = 0;
				GCC_PREPROCESSOR_DEFINITIONS = (
					"DEBUG=1",
					"$(inherited)",
				);
				GCC_WARN_64_TO_32_BIT_CONVERSION = YES;
				GCC_WARN_ABOUT_RETURN_TYPE = YES_ERROR;
				GCC_WARN_UNDECLARED_SELECTOR = YES;
				GCC_WARN_UNINITIALIZED_AUTOS = YES_AGGRESSIVE;
				GCC_WARN_UNUSED_FUNCTION = YES;
				GCC_WARN_UNUSED_VARIABLE = YES;
				IPHONEOS_DEPLOYMENT_TARGET = 15.0;
				MTL_ENABLE_DEBUG_INFO = INCLUDE_SOURCE;
				MTL_FAST_MATH = YES;
				ONLY_ACTIVE_ARCH = YES;
				SDKROOT = iphoneos;
				SWIFT_ACTIVE_COMPILATION_CONDITIONS = DEBUG;
				SWIFT_OPTIMIZATION_LEVEL = "-Onone";
			};
			name = Debug;
		};
		EE94C47F27C686770021AE26 /* Release */ = {
			isa = XCBuildConfiguration;
			buildSettings = {
				ALWAYS_SEARCH_USER_PATHS = NO;
				CLANG_ANALYZER_NONNULL = YES;
				CLANG_ANALYZER_NUMBER_OBJECT_CONVERSION = YES_AGGRESSIVE;
				CLANG_CXX_LANGUAGE_STANDARD = "gnu++17";
				CLANG_CXX_LIBRARY = "libc++";
				CLANG_ENABLE_MODULES = YES;
				CLANG_ENABLE_OBJC_ARC = YES;
				CLANG_ENABLE_OBJC_WEAK = YES;
				CLANG_WARN_BLOCK_CAPTURE_AUTORELEASING = YES;
				CLANG_WARN_BOOL_CONVERSION = YES;
				CLANG_WARN_COMMA = YES;
				CLANG_WARN_CONSTANT_CONVERSION = YES;
				CLANG_WARN_DEPRECATED_OBJC_IMPLEMENTATIONS = YES;
				CLANG_WARN_DIRECT_OBJC_ISA_USAGE = YES_ERROR;
				CLANG_WARN_DOCUMENTATION_COMMENTS = YES;
				CLANG_WARN_EMPTY_BODY = YES;
				CLANG_WARN_ENUM_CONVERSION = YES;
				CLANG_WARN_INFINITE_RECURSION = YES;
				CLANG_WARN_INT_CONVERSION = YES;
				CLANG_WARN_NON_LITERAL_NULL_CONVERSION = YES;
				CLANG_WARN_OBJC_IMPLICIT_RETAIN_SELF = YES;
				CLANG_WARN_OBJC_LITERAL_CONVERSION = YES;
				CLANG_WARN_OBJC_ROOT_CLASS = YES_ERROR;
				CLANG_WARN_QUOTED_INCLUDE_IN_FRAMEWORK_HEADER = YES;
				CLANG_WARN_RANGE_LOOP_ANALYSIS = YES;
				CLANG_WARN_STRICT_PROTOTYPES = YES;
				CLANG_WARN_SUSPICIOUS_MOVE = YES;
				CLANG_WARN_UNGUARDED_AVAILABILITY = YES_AGGRESSIVE;
				CLANG_WARN_UNREACHABLE_CODE = YES;
				CLANG_WARN__DUPLICATE_METHOD_MATCH = YES;
				COPY_PHASE_STRIP = NO;
				DEBUG_INFORMATION_FORMAT = "dwarf-with-dsym";
				ENABLE_NS_ASSERTIONS = NO;
				ENABLE_STRICT_OBJC_MSGSEND = YES;
				GCC_C_LANGUAGE_STANDARD = gnu11;
				GCC_NO_COMMON_BLOCKS = YES;
				GCC_WARN_64_TO_32_BIT_CONVERSION = YES;
				GCC_WARN_ABOUT_RETURN_TYPE = YES_ERROR;
				GCC_WARN_UNDECLARED_SELECTOR = YES;
				GCC_WARN_UNINITIALIZED_AUTOS = YES_AGGRESSIVE;
				GCC_WARN_UNUSED_FUNCTION = YES;
				GCC_WARN_UNUSED_VARIABLE = YES;
				IPHONEOS_DEPLOYMENT_TARGET = 15.0;
				MTL_ENABLE_DEBUG_INFO = NO;
				MTL_FAST_MATH = YES;
				SDKROOT = iphoneos;
				SWIFT_COMPILATION_MODE = wholemodule;
				SWIFT_OPTIMIZATION_LEVEL = "-O";
				VALIDATE_PRODUCT = YES;
			};
			name = Release;
		};
		EE94C48127C686770021AE26 /* Debug */ = {
			isa = XCBuildConfiguration;
			buildSettings = {
				ASSETCATALOG_COMPILER_APPICON_NAME = AppIcon;
				ASSETCATALOG_COMPILER_GLOBAL_ACCENT_COLOR_NAME = AccentColor;
				CODE_SIGN_STYLE = Automatic;
				CURRENT_PROJECT_VERSION = 1;
				DEVELOPMENT_TEAM = YMTB6V6429;
				GENERATE_INFOPLIST_FILE = YES;
				INFOPLIST_FILE = FirebaseApp/Info.plist;
				INFOPLIST_KEY_UIApplicationSupportsIndirectInputEvents = YES;
				INFOPLIST_KEY_UILaunchStoryboardName = LaunchScreen;
				INFOPLIST_KEY_UIMainStoryboardFile = Main;
				INFOPLIST_KEY_UISupportedInterfaceOrientations_iPad = "UIInterfaceOrientationPortrait UIInterfaceOrientationPortraitUpsideDown UIInterfaceOrientationLandscapeLeft UIInterfaceOrientationLandscapeRight";
				INFOPLIST_KEY_UISupportedInterfaceOrientations_iPhone = "UIInterfaceOrientationPortrait UIInterfaceOrientationLandscapeLeft UIInterfaceOrientationLandscapeRight";
				LD_RUNPATH_SEARCH_PATHS = (
					"$(inherited)",
					"@executable_path/Frameworks",
				);
				MARKETING_VERSION = 1.0;
				PRODUCT_BUNDLE_IDENTIFIER = testing.swift.FirebaseApp;
				PRODUCT_NAME = "$(TARGET_NAME)";
				SWIFT_EMIT_LOC_STRINGS = YES;
				SWIFT_VERSION = 5.0;
				TARGETED_DEVICE_FAMILY = "1,2";
			};
			name = Debug;
		};
		EE94C48227C686770021AE26 /* Release */ = {
			isa = XCBuildConfiguration;
			buildSettings = {
				ASSETCATALOG_COMPILER_APPICON_NAME = AppIcon;
				ASSETCATALOG_COMPILER_GLOBAL_ACCENT_COLOR_NAME = AccentColor;
				CODE_SIGN_STYLE = Automatic;
				CURRENT_PROJECT_VERSION = 1;
				DEVELOPMENT_TEAM = YMTB6V6429;
				GENERATE_INFOPLIST_FILE = YES;
				INFOPLIST_FILE = FirebaseApp/Info.plist;
				INFOPLIST_KEY_UIApplicationSupportsIndirectInputEvents = YES;
				INFOPLIST_KEY_UILaunchStoryboardName = LaunchScreen;
				INFOPLIST_KEY_UIMainStoryboardFile = Main;
				INFOPLIST_KEY_UISupportedInterfaceOrientations_iPad = "UIInterfaceOrientationPortrait UIInterfaceOrientationPortraitUpsideDown UIInterfaceOrientationLandscapeLeft UIInterfaceOrientationLandscapeRight";
				INFOPLIST_KEY_UISupportedInterfaceOrientations_iPhone = "UIInterfaceOrientationPortrait UIInterfaceOrientationLandscapeLeft UIInterfaceOrientationLandscapeRight";
				LD_RUNPATH_SEARCH_PATHS = (
					"$(inherited)",
					"@executable_path/Frameworks",
				);
				MARKETING_VERSION = 1.0;
				PRODUCT_BUNDLE_IDENTIFIER = testing.swift.FirebaseApp;
				PRODUCT_NAME = "$(TARGET_NAME)";
				SWIFT_EMIT_LOC_STRINGS = YES;
				SWIFT_VERSION = 5.0;
				TARGETED_DEVICE_FAMILY = "1,2";
			};
			name = Release;
		};
		EE94C48427C686770021AE26 /* Debug */ = {
			isa = XCBuildConfiguration;
			buildSettings = {
				ALWAYS_EMBED_SWIFT_STANDARD_LIBRARIES = YES;
				BUNDLE_LOADER = "$(TEST_HOST)";
				CODE_SIGN_STYLE = Automatic;
				CURRENT_PROJECT_VERSION = 1;
				DEVELOPMENT_TEAM = YMTB6V6429;
				GENERATE_INFOPLIST_FILE = YES;
				IPHONEOS_DEPLOYMENT_TARGET = 15.0;
				LD_RUNPATH_SEARCH_PATHS = (
					"$(inherited)",
					"@executable_path/Frameworks",
					"@loader_path/Frameworks",
				);
				MARKETING_VERSION = 1.0;
				PRODUCT_BUNDLE_IDENTIFIER = testing.swift.FirebaseAppTests;
				PRODUCT_NAME = "$(TARGET_NAME)";
				SWIFT_EMIT_LOC_STRINGS = NO;
				SWIFT_VERSION = 5.0;
				TARGETED_DEVICE_FAMILY = "1,2";
				TEST_HOST = "$(BUILT_PRODUCTS_DIR)/FirebaseApp.app/FirebaseApp";
			};
			name = Debug;
		};
		EE94C48527C686770021AE26 /* Release */ = {
			isa = XCBuildConfiguration;
			buildSettings = {
				ALWAYS_EMBED_SWIFT_STANDARD_LIBRARIES = YES;
				BUNDLE_LOADER = "$(TEST_HOST)";
				CODE_SIGN_STYLE = Automatic;
				CURRENT_PROJECT_VERSION = 1;
				DEVELOPMENT_TEAM = YMTB6V6429;
				GENERATE_INFOPLIST_FILE = YES;
				IPHONEOS_DEPLOYMENT_TARGET = 15.0;
				LD_RUNPATH_SEARCH_PATHS = (
					"$(inherited)",
					"@executable_path/Frameworks",
					"@loader_path/Frameworks",
				);
				MARKETING_VERSION = 1.0;
				PRODUCT_BUNDLE_IDENTIFIER = testing.swift.FirebaseAppTests;
				PRODUCT_NAME = "$(TARGET_NAME)";
				SWIFT_EMIT_LOC_STRINGS = NO;
				SWIFT_VERSION = 5.0;
				TARGETED_DEVICE_FAMILY = "1,2";
				TEST_HOST = "$(BUILT_PRODUCTS_DIR)/FirebaseApp.app/FirebaseApp";
			};
			name = Release;
		};
		EE94C48727C686770021AE26 /* Debug */ = {
			isa = XCBuildConfiguration;
			buildSettings = {
				ALWAYS_EMBED_SWIFT_STANDARD_LIBRARIES = YES;
				CODE_SIGN_STYLE = Automatic;
				CURRENT_PROJECT_VERSION = 1;
				DEVELOPMENT_TEAM = YMTB6V6429;
				GENERATE_INFOPLIST_FILE = YES;
				LD_RUNPATH_SEARCH_PATHS = (
					"$(inherited)",
					"@executable_path/Frameworks",
					"@loader_path/Frameworks",
				);
				MARKETING_VERSION = 1.0;
				PRODUCT_BUNDLE_IDENTIFIER = testing.swift.FirebaseAppUITests;
				PRODUCT_NAME = "$(TARGET_NAME)";
				SWIFT_EMIT_LOC_STRINGS = NO;
				SWIFT_VERSION = 5.0;
				TARGETED_DEVICE_FAMILY = "1,2";
				TEST_TARGET_NAME = FirebaseApp;
			};
			name = Debug;
		};
		EE94C48827C686770021AE26 /* Release */ = {
			isa = XCBuildConfiguration;
			buildSettings = {
				ALWAYS_EMBED_SWIFT_STANDARD_LIBRARIES = YES;
				CODE_SIGN_STYLE = Automatic;
				CURRENT_PROJECT_VERSION = 1;
				DEVELOPMENT_TEAM = YMTB6V6429;
				GENERATE_INFOPLIST_FILE = YES;
				LD_RUNPATH_SEARCH_PATHS = (
					"$(inherited)",
					"@executable_path/Frameworks",
					"@loader_path/Frameworks",
				);
				MARKETING_VERSION = 1.0;
				PRODUCT_BUNDLE_IDENTIFIER = testing.swift.FirebaseAppUITests;
				PRODUCT_NAME = "$(TARGET_NAME)";
				SWIFT_EMIT_LOC_STRINGS = NO;
				SWIFT_VERSION = 5.0;
				TARGETED_DEVICE_FAMILY = "1,2";
				TEST_TARGET_NAME = FirebaseApp;
			};
			name = Release;
		};
/* End XCBuildConfiguration section */

/* Begin XCConfigurationList section */
		EE94C45127C686750021AE26 /* Build configuration list for PBXProject "FirebaseApp" */ = {
			isa = XCConfigurationList;
			buildConfigurations = (
				EE94C47E27C686770021AE26 /* Debug */,
				EE94C47F27C686770021AE26 /* Release */,
			);
			defaultConfigurationIsVisible = 0;
			defaultConfigurationName = Release;
		};
		EE94C48027C686770021AE26 /* Build configuration list for PBXNativeTarget "FirebaseApp" */ = {
			isa = XCConfigurationList;
			buildConfigurations = (
				EE94C48127C686770021AE26 /* Debug */,
				EE94C48227C686770021AE26 /* Release */,
			);
			defaultConfigurationIsVisible = 0;
			defaultConfigurationName = Release;
		};
		EE94C48327C686770021AE26 /* Build configuration list for PBXNativeTarget "FirebaseAppTests" */ = {
			isa = XCConfigurationList;
			buildConfigurations = (
				EE94C48427C686770021AE26 /* Debug */,
				EE94C48527C686770021AE26 /* Release */,
			);
			defaultConfigurationIsVisible = 0;
			defaultConfigurationName = Release;
		};
		EE94C48627C686770021AE26 /* Build configuration list for PBXNativeTarget "FirebaseAppUITests" */ = {
			isa = XCConfigurationList;
			buildConfigurations = (
				EE94C48727C686770021AE26 /* Debug */,
				EE94C48827C686770021AE26 /* Release */,
			);
			defaultConfigurationIsVisible = 0;
			defaultConfigurationName = Release;
		};
/* End XCConfigurationList section */

/* Begin XCRemoteSwiftPackageReference section */
		EE94C48D27C687EB0021AE26 /* XCRemoteSwiftPackageReference "firebase-ios-sdk" */ = {
			isa = XCRemoteSwiftPackageReference;
			repositoryURL = "https://github.com/firebase/firebase-ios-sdk";
			requirement = {
				kind = upToNextMajorVersion;
				minimumVersion = 8.0.0;
			};
		};
/* End XCRemoteSwiftPackageReference section */

/* Begin XCSwiftPackageProductDependency section */
		EE94C48E27C687EB0021AE26 /* FirebaseAnalytics */ = {
			isa = XCSwiftPackageProductDependency;
			package = EE94C48D27C687EB0021AE26 /* XCRemoteSwiftPackageReference "firebase-ios-sdk" */;
			productName = FirebaseAnalytics;
		};
		EE94C49027C687EB0021AE26 /* FirebaseDatabase */ = {
			isa = XCSwiftPackageProductDependency;
			package = EE94C48D27C687EB0021AE26 /* XCRemoteSwiftPackageReference "firebase-ios-sdk" */;
			productName = FirebaseDatabase;
		};
		EE94C49227C687EB0021AE26 /* FirebaseFirestore */ = {
			isa = XCSwiftPackageProductDependency;
			package = EE94C48D27C687EB0021AE26 /* XCRemoteSwiftPackageReference "firebase-ios-sdk" */;
			productName = FirebaseFirestore;
		};
		EE94C49427C687EB0021AE26 /* FirebaseFirestoreSwift-Beta */ = {
			isa = XCSwiftPackageProductDependency;
			package = EE94C48D27C687EB0021AE26 /* XCRemoteSwiftPackageReference "firebase-ios-sdk" */;
			productName = "FirebaseFirestoreSwift-Beta";
		};
		EE94C49627C687EB0021AE26 /* FirebaseStorage */ = {
			isa = XCSwiftPackageProductDependency;
			package = EE94C48D27C687EB0021AE26 /* XCRemoteSwiftPackageReference "firebase-ios-sdk" */;
			productName = FirebaseStorage;
		};
/* End XCSwiftPackageProductDependency section */
	};
	rootObject = EE94C44E27C686750021AE26 /* Project object */;
}
